// !$*UTF8*$!
{
	archiveVersion = 1;
	classes = {
	};
	objectVersion = 46;
	objects = {

/* Begin PBXBuildFile section */
		CA8706761C9BFFBE003DE738 /* main.m in Sources */ = {isa = PBXBuildFile; fileRef = CA8706751C9BFFBE003DE738 /* main.m */; };
		CA8706791C9BFFBE003DE738 /* AppDelegate.m in Sources */ = {isa = PBXBuildFile; fileRef = CA8706781C9BFFBE003DE738 /* AppDelegate.m */; };
		CA87067C1C9BFFBE003DE738 /* ViewController.m in Sources */ = {isa = PBXBuildFile; fileRef = CA87067B1C9BFFBE003DE738 /* ViewController.m */; };
		CA87067F1C9BFFBE003DE738 /* Main.storyboard in Resources */ = {isa = PBXBuildFile; fileRef = CA87067D1C9BFFBE003DE738 /* Main.storyboard */; };
		CA8706811C9BFFBE003DE738 /* Assets.xcassets in Resources */ = {isa = PBXBuildFile; fileRef = CA8706801C9BFFBE003DE738 /* Assets.xcassets */; };
		CA8706841C9BFFBE003DE738 /* LaunchScreen.storyboard in Resources */ = {isa = PBXBuildFile; fileRef = CA8706821C9BFFBE003DE738 /* LaunchScreen.storyboard */; };
		CA87068F1C9BFFBE003DE738 /* Test3DTouchHomeTests.m in Sources */ = {isa = PBXBuildFile; fileRef = CA87068E1C9BFFBE003DE738 /* Test3DTouchHomeTests.m */; };
		CA87069A1C9BFFBE003DE738 /* Test3DTouchHomeUITests.m in Sources */ = {isa = PBXBuildFile; fileRef = CA8706991C9BFFBE003DE738 /* Test3DTouchHomeUITests.m */; };
/* End PBXBuildFile section */

/* Begin PBXContainerItemProxy section */
		CA87068B1C9BFFBE003DE738 /* PBXContainerItemProxy */ = {
			isa = PBXContainerItemProxy;
			containerPortal = CA8706691C9BFFBE003DE738 /* Project object */;
			proxyType = 1;
			remoteGlobalIDString = CA8706701C9BFFBE003DE738;
			remoteInfo = Test3DTouchHome;
		};
		CA8706961C9BFFBE003DE738 /* PBXContainerItemProxy */ = {
			isa = PBXContainerItemProxy;
			containerPortal = CA8706691C9BFFBE003DE738 /* Project object */;
			proxyType = 1;
			remoteGlobalIDString = CA8706701C9BFFBE003DE738;
			remoteInfo = Test3DTouchHome;
		};
/* End PBXContainerItemProxy section */

/* Begin PBXFileReference section */
		CA8706711C9BFFBE003DE738 /* Test3DTouchHome.app */ = {isa = PBXFileReference; explicitFileType = wrapper.application; includeInIndex = 0; path = Test3DTouchHome.app; sourceTree = BUILT_PRODUCTS_DIR; };
		CA8706751C9BFFBE003DE738 /* main.m */ = {isa = PBXFileReference; lastKnownFileType = sourcecode.c.objc; path = main.m; sourceTree = "<group>"; };
		CA8706771C9BFFBE003DE738 /* AppDelegate.h */ = {isa = PBXFileReference; lastKnownFileType = sourcecode.c.h; path = AppDelegate.h; sourceTree = "<group>"; };
		CA8706781C9BFFBE003DE738 /* AppDelegate.m */ = {isa = PBXFileReference; lastKnownFileType = sourcecode.c.objc; path = AppDelegate.m; sourceTree = "<group>"; };
		CA87067A1C9BFFBE003DE738 /* ViewController.h */ = {isa = PBXFileReference; lastKnownFileType = sourcecode.c.h; path = ViewController.h; sourceTree = "<group>"; };
		CA87067B1C9BFFBE003DE738 /* ViewController.m */ = {isa = PBXFileReference; lastKnownFileType = sourcecode.c.objc; path = ViewController.m; sourceTree = "<group>"; };
		CA87067E1C9BFFBE003DE738 /* Base */ = {isa = PBXFileReference; lastKnownFileType = file.storyboard; name = Base; path = Base.lproj/Main.storyboard; sourceTree = "<group>"; };
		CA8706801C9BFFBE003DE738 /* Assets.xcassets */ = {isa = PBXFileReference; lastKnownFileType = folder.assetcatalog; path = Assets.xcassets; sourceTree = "<group>"; };
		CA8706831C9BFFBE003DE738 /* Base */ = {isa = PBXFileReference; lastKnownFileType = file.storyboard; name = Base; path = Base.lproj/LaunchScreen.storyboard; sourceTree = "<group>"; };
		CA8706851C9BFFBE003DE738 /* Info.plist */ = {isa = PBXFileReference; lastKnownFileType = text.plist.xml; path = Info.plist; sourceTree = "<group>"; };
		CA87068A1C9BFFBE003DE738 /* Test3DTouchHomeTests.xctest */ = {isa = PBXFileReference; explicitFileType = wrapper.cfbundle; includeInIndex = 0; path = Test3DTouchHomeTests.xctest; sourceTree = BUILT_PRODUCTS_DIR; };
		CA87068E1C9BFFBE003DE738 /* Test3DTouchHomeTests.m */ = {isa = PBXFileReference; lastKnownFileType = sourcecode.c.objc; path = Test3DTouchHomeTests.m; sourceTree = "<group>"; };
		CA8706901C9BFFBE003DE738 /* Info.plist */ = {isa = PBXFileReference; lastKnownFileType = text.plist.xml; path = Info.plist; sourceTree = "<group>"; };
		CA8706951C9BFFBE003DE738 /* Test3DTouchHomeUITests.xctest */ = {isa = PBXFileReference; explicitFileType = wrapper.cfbundle; includeInIndex = 0; path = Test3DTouchHomeUITests.xctest; sourceTree = BUILT_PRODUCTS_DIR; };
		CA8706991C9BFFBE003DE738 /* Test3DTouchHomeUITests.m */ = {isa = PBXFileReference; lastKnownFileType = sourcecode.c.objc; path = Test3DTouchHomeUITests.m; sourceTree = "<group>"; };
		CA87069B1C9BFFBE003DE738 /* Info.plist */ = {isa = PBXFileReference; lastKnownFileType = text.plist.xml; path = Info.plist; sourceTree = "<group>"; };
/* End PBXFileReference section */

/* Begin PBXFrameworksBuildPhase section */
		CA87066E1C9BFFBE003DE738 /* Frameworks */ = {
			isa = PBXFrameworksBuildPhase;
			buildActionMask = 2147483647;
			files = (
			);
			runOnlyForDeploymentPostprocessing = 0;
		};
		CA8706871C9BFFBE003DE738 /* Frameworks */ = {
			isa = PBXFrameworksBuildPhase;
			buildActionMask = 2147483647;
			files = (
			);
			runOnlyForDeploymentPostprocessing = 0;
		};
		CA8706921C9BFFBE003DE738 /* Frameworks */ = {
			isa = PBXFrameworksBuildPhase;
			buildActionMask = 2147483647;
			files = (
			);
			runOnlyForDeploymentPostprocessing = 0;
		};
/* End PBXFrameworksBuildPhase section */

/* Begin PBXGroup section */
		CA8706681C9BFFBE003DE738 = {
			isa = PBXGroup;
			children = (
				CA8706731C9BFFBE003DE738 /* Test3DTouchHome */,
				CA87068D1C9BFFBE003DE738 /* Test3DTouchHomeTests */,
				CA8706981C9BFFBE003DE738 /* Test3DTouchHomeUITests */,
				CA8706721C9BFFBE003DE738 /* Products */,
			);
			sourceTree = "<group>";
		};
		CA8706721C9BFFBE003DE738 /* Products */ = {
			isa = PBXGroup;
			children = (
				CA8706711C9BFFBE003DE738 /* Test3DTouchHome.app */,
				CA87068A1C9BFFBE003DE738 /* Test3DTouchHomeTests.xctest */,
				CA8706951C9BFFBE003DE738 /* Test3DTouchHomeUITests.xctest */,
			);
			name = Products;
			sourceTree = "<group>";
		};
		CA8706731C9BFFBE003DE738 /* Test3DTouchHome */ = {
			isa = PBXGroup;
			children = (
				CA8706771C9BFFBE003DE738 /* AppDelegate.h */,
				CA8706781C9BFFBE003DE738 /* AppDelegate.m */,
				CA87067A1C9BFFBE003DE738 /* ViewController.h */,
				CA87067B1C9BFFBE003DE738 /* ViewController.m */,
				CA87067D1C9BFFBE003DE738 /* Main.storyboard */,
				CA8706801C9BFFBE003DE738 /* Assets.xcassets */,
				CA8706821C9BFFBE003DE738 /* LaunchScreen.storyboard */,
				CA8706851C9BFFBE003DE738 /* Info.plist */,
				CA8706741C9BFFBE003DE738 /* Supporting Files */,
			);
			path = Test3DTouchHome;
			sourceTree = "<group>";
		};
		CA8706741C9BFFBE003DE738 /* Supporting Files */ = {
			isa = PBXGroup;
			children = (
				CA8706751C9BFFBE003DE738 /* main.m */,
			);
			name = "Supporting Files";
			sourceTree = "<group>";
		};
		CA87068D1C9BFFBE003DE738 /* Test3DTouchHomeTests */ = {
			isa = PBXGroup;
			children = (
				CA87068E1C9BFFBE003DE738 /* Test3DTouchHomeTests.m */,
				CA8706901C9BFFBE003DE738 /* Info.plist */,
			);
			path = Test3DTouchHomeTests;
			sourceTree = "<group>";
		};
		CA8706981C9BFFBE003DE738 /* Test3DTouchHomeUITests */ = {
			isa = PBXGroup;
			children = (
				CA8706991C9BFFBE003DE738 /* Test3DTouchHomeUITests.m */,
				CA87069B1C9BFFBE003DE738 /* Info.plist */,
			);
			path = Test3DTouchHomeUITests;
			sourceTree = "<group>";
		};
/* End PBXGroup section */

/* Begin PBXNativeTarget section */
		CA8706701C9BFFBE003DE738 /* Test3DTouchHome */ = {
			isa = PBXNativeTarget;
			buildConfigurationList = CA87069E1C9BFFBE003DE738 /* Build configuration list for PBXNativeTarget "Test3DTouchHome" */;
			buildPhases = (
				CA87066D1C9BFFBE003DE738 /* Sources */,
				CA87066E1C9BFFBE003DE738 /* Frameworks */,
				CA87066F1C9BFFBE003DE738 /* Resources */,
			);
			buildRules = (
			);
			dependencies = (
			);
			name = Test3DTouchHome;
			productName = Test3DTouchHome;
			productReference = CA8706711C9BFFBE003DE738 /* Test3DTouchHome.app */;
			productType = "com.apple.product-type.application";
		};
		CA8706891C9BFFBE003DE738 /* Test3DTouchHomeTests */ = {
			isa = PBXNativeTarget;
			buildConfigurationList = CA8706A11C9BFFBE003DE738 /* Build configuration list for PBXNativeTarget "Test3DTouchHomeTests" */;
			buildPhases = (
				CA8706861C9BFFBE003DE738 /* Sources */,
				CA8706871C9BFFBE003DE738 /* Frameworks */,
				CA8706881C9BFFBE003DE738 /* Resources */,
			);
			buildRules = (
			);
			dependencies = (
				CA87068C1C9BFFBE003DE738 /* PBXTargetDependency */,
			);
			name = Test3DTouchHomeTests;
			productName = Test3DTouchHomeTests;
			productReference = CA87068A1C9BFFBE003DE738 /* Test3DTouchHomeTests.xctest */;
			productType = "com.apple.product-type.bundle.unit-test";
		};
		CA8706941C9BFFBE003DE738 /* Test3DTouchHomeUITests */ = {
			isa = PBXNativeTarget;
			buildConfigurationList = CA8706A41C9BFFBE003DE738 /* Build configuration list for PBXNativeTarget "Test3DTouchHomeUITests" */;
			buildPhases = (
				CA8706911C9BFFBE003DE738 /* Sources */,
				CA8706921C9BFFBE003DE738 /* Frameworks */,
				CA8706931C9BFFBE003DE738 /* Resources */,
			);
			buildRules = (
			);
			dependencies = (
				CA8706971C9BFFBE003DE738 /* PBXTargetDependency */,
			);
			name = Test3DTouchHomeUITests;
			productName = Test3DTouchHomeUITests;
			productReference = CA8706951C9BFFBE003DE738 /* Test3DTouchHomeUITests.xctest */;
			productType = "com.apple.product-type.bundle.ui-testing";
		};
/* End PBXNativeTarget section */

/* Begin PBXProject section */
		CA8706691C9BFFBE003DE738 /* Project object */ = {
			isa = PBXProject;
			attributes = {
				LastUpgradeCheck = 0720;
				ORGANIZATIONNAME = Ivy;
				TargetAttributes = {
					CA8706701C9BFFBE003DE738 = {
						CreatedOnToolsVersion = 7.2.1;
					};
					CA8706891C9BFFBE003DE738 = {
						CreatedOnToolsVersion = 7.2.1;
						TestTargetID = CA8706701C9BFFBE003DE738;
					};
					CA8706941C9BFFBE003DE738 = {
						CreatedOnToolsVersion = 7.2.1;
						TestTargetID = CA8706701C9BFFBE003DE738;
					};
				};
			};
			buildConfigurationList = CA87066C1C9BFFBE003DE738 /* Build configuration list for PBXProject "Test3DTouchHome" */;
			compatibilityVersion = "Xcode 3.2";
			developmentRegion = English;
			hasScannedForEncodings = 0;
			knownRegions = (
				en,
				Base,
			);
			mainGroup = CA8706681C9BFFBE003DE738;
			productRefGroup = CA8706721C9BFFBE003DE738 /* Products */;
			projectDirPath = "";
			projectRoot = "";
			targets = (
				CA8706701C9BFFBE003DE738 /* Test3DTouchHome */,
				CA8706891C9BFFBE003DE738 /* Test3DTouchHomeTests */,
				CA8706941C9BFFBE003DE738 /* Test3DTouchHomeUITests */,
			);
		};
/* End PBXProject section */

/* Begin PBXResourcesBuildPhase section */
		CA87066F1C9BFFBE003DE738 /* Resources */ = {
			isa = PBXResourcesBuildPhase;
			buildActionMask = 2147483647;
			files = (
				CA8706841C9BFFBE003DE738 /* LaunchScreen.storyboard in Resources */,
				CA8706811C9BFFBE003DE738 /* Assets.xcassets in Resources */,
				CA87067F1C9BFFBE003DE738 /* Main.storyboard in Resources */,
			);
			runOnlyForDeploymentPostprocessing = 0;
		};
		CA8706881C9BFFBE003DE738 /* Resources */ = {
			isa = PBXResourcesBuildPhase;
			buildActionMask = 2147483647;
			files = (
			);
			runOnlyForDeploymentPostprocessing = 0;
		};
		CA8706931C9BFFBE003DE738 /* Resources */ = {
			isa = PBXResourcesBuildPhase;
			buildActionMask = 2147483647;
			files = (
			);
			runOnlyForDeploymentPostprocessing = 0;
		};
/* End PBXResourcesBuildPhase section */

/* Begin PBXSourcesBuildPhase section */
		CA87066D1C9BFFBE003DE738 /* Sources */ = {
			isa = PBXSourcesBuildPhase;
			buildActionMask = 2147483647;
			files = (
				CA87067C1C9BFFBE003DE738 /* ViewController.m in Sources */,
				CA8706791C9BFFBE003DE738 /* AppDelegate.m in Sources */,
				CA8706761C9BFFBE003DE738 /* main.m in Sources */,
			);
			runOnlyForDeploymentPostprocessing = 0;
		};
		CA8706861C9BFFBE003DE738 /* Sources */ = {
			isa = PBXSourcesBuildPhase;
			buildActionMask = 2147483647;
			files = (
				CA87068F1C9BFFBE003DE738 /* Test3DTouchHomeTests.m in Sources */,
			);
			runOnlyForDeploymentPostprocessing = 0;
		};
		CA8706911C9BFFBE003DE738 /* Sources */ = {
			isa = PBXSourcesBuildPhase;
			buildActionMask = 2147483647;
			files = (
				CA87069A1C9BFFBE003DE738 /* Test3DTouchHomeUITests.m in Sources */,
			);
			runOnlyForDeploymentPostprocessing = 0;
		};
/* End PBXSourcesBuildPhase section */

/* Begin PBXTargetDependency section */
		CA87068C1C9BFFBE003DE738 /* PBXTargetDependency */ = {
			isa = PBXTargetDependency;
			target = CA8706701C9BFFBE003DE738 /* Test3DTouchHome */;
			targetProxy = CA87068B1C9BFFBE003DE738 /* PBXContainerItemProxy */;
		};
		CA8706971C9BFFBE003DE738 /* PBXTargetDependency */ = {
			isa = PBXTargetDependency;
			target = CA8706701C9BFFBE003DE738 /* Test3DTouchHome */;
			targetProxy = CA8706961C9BFFBE003DE738 /* PBXContainerItemProxy */;
		};
/* End PBXTargetDependency section */

/* Begin PBXVariantGroup section */
		CA87067D1C9BFFBE003DE738 /* Main.storyboard */ = {
			isa = PBXVariantGroup;
			children = (
				CA87067E1C9BFFBE003DE738 /* Base */,
			);
			name = Main.storyboard;
			sourceTree = "<group>";
		};
		CA8706821C9BFFBE003DE738 /* LaunchScreen.storyboard */ = {
			isa = PBXVariantGroup;
			children = (
				CA8706831C9BFFBE003DE738 /* Base */,
			);
			name = LaunchScreen.storyboard;
			sourceTree = "<group>";
		};
/* End PBXVariantGroup section */

/* Begin XCBuildConfiguration section */
		CA87069C1C9BFFBE003DE738 /* Debug */ = {
			isa = XCBuildConfiguration;
			buildSettings = {
				ALWAYS_SEARCH_USER_PATHS = NO;
				CLANG_CXX_LANGUAGE_STANDARD = "gnu++0x";
				CLANG_CXX_LIBRARY = "libc++";
				CLANG_ENABLE_MODULES = YES;
				CLANG_ENABLE_OBJC_ARC = YES;
				CLANG_WARN_BOOL_CONVERSION = YES;
				CLANG_WARN_CONSTANT_CONVERSION = YES;
				CLANG_WARN_DIRECT_OBJC_ISA_USAGE = YES_ERROR;
				CLANG_WARN_EMPTY_BODY = YES;
				CLANG_WARN_ENUM_CONVERSION = YES;
				CLANG_WARN_INT_CONVERSION = YES;
				CLANG_WARN_OBJC_ROOT_CLASS = YES_ERROR;
				CLANG_WARN_UNREACHABLE_CODE = YES;
				CLANG_WARN__DUPLICATE_METHOD_MATCH = YES;
				"CODE_SIGN_IDENTITY[sdk=iphoneos*]" = "iPhone Developer";
				COPY_PHASE_STRIP = NO;
				DEBUG_INFORMATION_FORMAT = dwarf;
				ENABLE_STRICT_OBJC_MSGSEND = YES;
				ENABLE_TESTABILITY = YES;
				GCC_C_LANGUAGE_STANDARD = gnu99;
				GCC_DYNAMIC_NO_PIC = NO;
				GCC_NO_COMMON_BLOCKS = YES;
				GCC_OPTIMIZATION_LEVEL = 0;
				GCC_PREPROCESSOR_DEFINITIONS = (
					"DEBUG=1",
					"$(inherited)",
				);
				GCC_WARN_64_TO_32_BIT_CONVERSION = YES;
				GCC_WARN_ABOUT_RETURN_TYPE = YES_ERROR;
				GCC_WARN_UNDECLARED_SELECTOR = YES;
				GCC_WARN_UNINITIALIZED_AUTOS = YES_AGGRESSIVE;
				GCC_WARN_UNUSED_FUNCTION = YES;
				GCC_WARN_UNUSED_VARIABLE = YES;
				IPHONEOS_DEPLOYMENT_TARGET = 9.2;
				MTL_ENABLE_DEBUG_INFO = YES;
				ONLY_ACTIVE_ARCH = YES;
				SDKROOT = iphoneos;
				TARGETED_DEVICE_FAMILY = "1,2";
			};
			name = Debug;
		};
		CA87069D1C9BFFBE003DE738 /* Release */ = {
			isa = XCBuildConfiguration;
			buildSettings = {
				ALWAYS_SEARCH_USER_PATHS = NO;
				CLANG_CXX_LANGUAGE_STANDARD = "gnu++0x";
				CLANG_CXX_LIBRARY = "libc++";
				CLANG_ENABLE_MODULES = YES;
				CLANG_ENABLE_OBJC_ARC = YES;
				CLANG_WARN_BOOL_CONVERSION = YES;
				CLANG_WARN_CONSTANT_CONVERSION = YES;
				CLANG_WARN_DIRECT_OBJC_ISA_USAGE = YES_ERROR;
				CLANG_WARN_EMPTY_BODY = YES;
				CLANG_WARN_ENUM_CONVERSION = YES;
				CLANG_WARN_INT_CONVERSION = YES;
				CLANG_WARN_OBJC_ROOT_CLASS = YES_ERROR;
				CLANG_WARN_UNREACHABLE_CODE = YES;
				CLANG_WARN__DUPLICATE_METHOD_MATCH = YES;
				"CODE_SIGN_IDENTITY[sdk=iphoneos*]" = "iPhone Developer";
				COPY_PHASE_STRIP = NO;
				DEBUG_INFORMATION_FORMAT = "dwarf-with-dsym";
				ENABLE_NS_ASSERTIONS = NO;
				ENABLE_STRICT_OBJC_MSGSEND = YES;
				GCC_C_LANGUAGE_STANDARD = gnu99;
				GCC_NO_COMMON_BLOCKS = YES;
				GCC_WARN_64_TO_32_BIT_CONVERSION = YES;
				GCC_WARN_ABOUT_RETURN_TYPE = YES_ERROR;
				GCC_WARN_UNDECLARED_SELECTOR = YES;
				GCC_WARN_UNINITIALIZED_AUTOS = YES_AGGRESSIVE;
				GCC_WARN_UNUSED_FUNCTION = YES;
				GCC_WARN_UNUSED_VARIABLE = YES;
				IPHONEOS_DEPLOYMENT_TARGET = 9.2;
				MTL_ENABLE_DEBUG_INFO = NO;
				SDKROOT = iphoneos;
				TARGETED_DEVICE_FAMILY = "1,2";
				VALIDATE_PRODUCT = YES;
			};
			name = Release;
		};
		CA87069F1C9BFFBE003DE738 /* Debug */ = {
			isa = XCBuildConfiguration;
			buildSettings = {
				ASSETCATALOG_COMPILER_APPICON_NAME = AppIcon;
				INFOPLIST_FILE = Test3DTouchHome/Info.plist;
				LD_RUNPATH_SEARCH_PATHS = "$(inherited) @executable_path/Frameworks";
				PRODUCT_BUNDLE_IDENTIFIER = ivy.use.com.Test3DTouchHome;
				PRODUCT_NAME = "$(TARGET_NAME)";
			};
			name = Debug;
		};
		CA8706A01C9BFFBE003DE738 /* Release */ = {
			isa = XCBuildConfiguration;
			buildSettings = {
				ASSETCATALOG_COMPILER_APPICON_NAME = AppIcon;
				INFOPLIST_FILE = Test3DTouchHome/Info.plist;
				LD_RUNPATH_SEARCH_PATHS = "$(inherited) @executable_path/Frameworks";
				PRODUCT_BUNDLE_IDENTIFIER = ivy.use.com.Test3DTouchHome;
				PRODUCT_NAME = "$(TARGET_NAME)";
			};
			name = Release;
		};
		CA8706A21C9BFFBE003DE738 /* Debug */ = {
			isa = XCBuildConfiguration;
			buildSettings = {
				BUNDLE_LOADER = "$(TEST_HOST)";
				INFOPLIST_FILE = Test3DTouchHomeTests/Info.plist;
				LD_RUNPATH_SEARCH_PATHS = "$(inherited) @executable_path/Frameworks @loader_path/Frameworks";
				PRODUCT_BUNDLE_IDENTIFIER = ivy.use.com.Test3DTouchHomeTests;
				PRODUCT_NAME = "$(TARGET_NAME)";
				TEST_HOST = "$(BUILT_PRODUCTS_DIR)/Test3DTouchHome.app/Test3DTouchHome";
			};
			name = Debug;
		};
		CA8706A31C9BFFBE003DE738 /* Release */ = {
			isa = XCBuildConfiguration;
			buildSettings = {
				BUNDLE_LOADER = "$(TEST_HOST)";
				INFOPLIST_FILE = Test3DTouchHomeTests/Info.plist;
				LD_RUNPATH_SEARCH_PATHS = "$(inherited) @executable_path/Frameworks @loader_path/Frameworks";
				PRODUCT_BUNDLE_IDENTIFIER = ivy.use.com.Test3DTouchHomeTests;
				PRODUCT_NAME = "$(TARGET_NAME)";
				TEST_HOST = "$(BUILT_PRODUCTS_DIR)/Test3DTouchHome.app/Test3DTouchHome";
			};
			name = Release;
		};
		CA8706A51C9BFFBE003DE738 /* Debug */ = {
			isa = XCBuildConfiguration;
			buildSettings = {
				INFOPLIST_FILE = Test3DTouchHomeUITests/Info.plist;
				LD_RUNPATH_SEARCH_PATHS = "$(inherited) @executable_path/Frameworks @loader_path/Frameworks";
				PRODUCT_BUNDLE_IDENTIFIER = ivy.use.com.Test3DTouchHomeUITests;
				PRODUCT_NAME = "$(TARGET_NAME)";
				TEST_TARGET_NAME = Test3DTouchHome;
				USES_XCTRUNNER = YES;
			};
			name = Debug;
		};
		CA8706A61C9BFFBE003DE738 /* Release */ = {
			isa = XCBuildConfiguration;
			buildSettings = {
				INFOPLIST_FILE = Test3DTouchHomeUITests/Info.plist;
				LD_RUNPATH_SEARCH_PATHS = "$(inherited) @executable_path/Frameworks @loader_path/Frameworks";
				PRODUCT_BUNDLE_IDENTIFIER = ivy.use.com.Test3DTouchHomeUITests;
				PRODUCT_NAME = "$(TARGET_NAME)";
				TEST_TARGET_NAME = Test3DTouchHome;
				USES_XCTRUNNER = YES;
			};
			name = Release;
		};
/* End XCBuildConfiguration section */

/* Begin XCConfigurationList section */
		CA87066C1C9BFFBE003DE738 /* Build configuration list for PBXProject "Test3DTouchHome" */ = {
			isa = XCConfigurationList;
			buildConfigurations = (
				CA87069C1C9BFFBE003DE738 /* Debug */,
				CA87069D1C9BFFBE003DE738 /* Release */,
			);
			defaultConfigurationIsVisible = 0;
			defaultConfigurationName = Release;
		};
		CA87069E1C9BFFBE003DE738 /* Build configuration list for PBXNativeTarget "Test3DTouchHome" */ = {
			isa = XCConfigurationList;
			buildConfigurations = (
				CA87069F1C9BFFBE003DE738 /* Debug */,
				CA8706A01C9BFFBE003DE738 /* Release */,
			);
			defaultConfigurationIsVisible = 0;
		};
		CA8706A11C9BFFBE003DE738 /* Build configuration list for PBXNativeTarget "Test3DTouchHomeTests" */ = {
			isa = XCConfigurationList;
			buildConfigurations = (
				CA8706A21C9BFFBE003DE738 /* Debug */,
				CA8706A31C9BFFBE003DE738 /* Release */,
			);
			defaultConfigurationIsVisible = 0;
		};
		CA8706A41C9BFFBE003DE738 /* Build configuration list for PBXNativeTarget "Test3DTouchHomeUITests" */ = {
			isa = XCConfigurationList;
			buildConfigurations = (
				CA8706A51C9BFFBE003DE738 /* Debug */,
				CA8706A61C9BFFBE003DE738 /* Release */,
			);
			defaultConfigurationIsVisible = 0;
		};
/* End XCConfigurationList section */
	};
	rootObject = CA8706691C9BFFBE003DE738 /* Project object */;
}
